
Microsoft Visual Studio Solution File, Format Version 12.00
# Visual Studio Version 16
VisualStudioVersion = 16.0.33920.266
MinimumVisualStudioVersion = 10.0.40219.1
Project("{FAE04EC0-301F-11D3-BF4B-00C04F79EFBC}") = "TrackerLibrary", "TrackerLibrary\TrackerLibrary.csproj", "{861034C0-79EB-4114-83B8-4979E1C397B3}"
EndProject
Project("{FAE04EC0-301F-11D3-BF4B-00C04F79EFBC}") = "TrackerUI", "TrackerUI\TrackerUI.csproj", "{D1A4AF07-A17F-486C-859C-6FBBDCF7CA9F}"
EndProject
Global
	GlobalSection(SolutionConfigurationPlatforms) = preSolution
		Debug|Any CPU = Debug|Any CPU
		Release|Any CPU = Release|Any CPU
	EndGlobalSection
	GlobalSection(ProjectConfigurationPlatforms) = postSolution
		{861034C0-79EB-4114-83B8-4979E1C397B3}.Debug|Any CPU.ActiveCfg = Debug|Any CPU
		{861034C0-79EB-4114-83B8-4979E1C397B3}.Debug|Any CPU.Build.0 = Debug|Any CPU
		{861034C0-79EB-4114-83B8-4979E1C397B3}.Release|Any CPU.ActiveCfg = Release|Any CPU
		{861034C0-79EB-4114-83B8-4979E1C397B3}.Release|Any CPU.Build.0 = Release|Any CPU
		{D1A4AF07-A17F-486C-859C-6FBBDCF7CA9F}.Debug|Any CPU.ActiveCfg = Debug|Any CPU
		{D1A4AF07-A17F-486C-859C-6FBBDCF7CA9F}.Debug|Any CPU.Build.0 = Debug|Any CPU
		{D1A4AF07-A17F-486C-859C-6FBBDCF7CA9F}.Release|Any CPU.ActiveCfg = Release|Any CPU
		{D1A4AF07-A17F-486C-859C-6FBBDCF7CA9F}.Release|Any CPU.Build.0 = Release|Any CPU
	EndGlobalSection
	GlobalSection(SolutionProperties) = preSolution
		HideSolutionNode = FALSE
	EndGlobalSection
	GlobalSection(ExtensibilityGlobals) = postSolution
		SolutionGuid = {A69CE414-64BC-419C-8940-0E033CE15E97}
	EndGlobalSection
EndGlobal
